
Microsoft Visual Studio Solution File, Format Version 12.00
# Visual Studio 2012
Project("{FAE04EC0-301F-11D3-BF4B-00C04F79EFBC}") = "Scouty", "Scouty\Scouty.csproj", "{CE232C69-038B-4BDA-A780-21F9264D6869}"
EndProject
Project("{FAE04EC0-301F-11D3-BF4B-00C04F79EFBC}") = "Scouty.iOS", "iOS\Scouty.iOS.csproj", "{CAD1ED6B-5597-4C93-AA89-D5615052E0DC}"
EndProject
Project("{FAE04EC0-301F-11D3-BF4B-00C04F79EFBC}") = "Scouty.Droid", "Droid\Scouty.Droid.csproj", "{A4CD6B48-C85C-4617-A1A6-D3C65402DCF6}"
EndProject
Project("{FAE04EC0-301F-11D3-BF4B-00C04F79EFBC}") = "BlueAllianceClient", "BlueAllianceClient\BlueAllianceClient.csproj", "{353DCCC9-4169-4504-B0B3-AE92D3C681F5}"
EndProject
Global
	GlobalSection(SolutionConfigurationPlatforms) = preSolution
		Debug|Any CPU = Debug|Any CPU
		Release|Any CPU = Release|Any CPU
		Debug|iPhoneSimulator = Debug|iPhoneSimulator
		Release|iPhone = Release|iPhone
		Release|iPhoneSimulator = Release|iPhoneSimulator
		Debug|iPhone = Debug|iPhone
	EndGlobalSection
	GlobalSection(ProjectConfigurationPlatforms) = postSolution
		{CE232C69-038B-4BDA-A780-21F9264D6869}.Debug|Any CPU.ActiveCfg = Debug|Any CPU
		{CE232C69-038B-4BDA-A780-21F9264D6869}.Debug|Any CPU.Build.0 = Debug|Any CPU
		{CE232C69-038B-4BDA-A780-21F9264D6869}.Release|Any CPU.ActiveCfg = Release|Any CPU
		{CE232C69-038B-4BDA-A780-21F9264D6869}.Release|Any CPU.Build.0 = Release|Any CPU
		{CE232C69-038B-4BDA-A780-21F9264D6869}.Debug|iPhoneSimulator.ActiveCfg = Debug|Any CPU
		{CE232C69-038B-4BDA-A780-21F9264D6869}.Debug|iPhoneSimulator.Build.0 = Debug|Any CPU
		{CE232C69-038B-4BDA-A780-21F9264D6869}.Release|iPhone.ActiveCfg = Release|Any CPU
		{CE232C69-038B-4BDA-A780-21F9264D6869}.Release|iPhone.Build.0 = Release|Any CPU
		{CE232C69-038B-4BDA-A780-21F9264D6869}.Release|iPhoneSimulator.ActiveCfg = Release|Any CPU
		{CE232C69-038B-4BDA-A780-21F9264D6869}.Release|iPhoneSimulator.Build.0 = Release|Any CPU
		{CE232C69-038B-4BDA-A780-21F9264D6869}.Debug|iPhone.ActiveCfg = Debug|Any CPU
		{CE232C69-038B-4BDA-A780-21F9264D6869}.Debug|iPhone.Build.0 = Debug|Any CPU
		{CAD1ED6B-5597-4C93-AA89-D5615052E0DC}.Debug|Any CPU.ActiveCfg = Debug|iPhoneSimulator
		{CAD1ED6B-5597-4C93-AA89-D5615052E0DC}.Debug|Any CPU.Build.0 = Debug|iPhoneSimulator
		{CAD1ED6B-5597-4C93-AA89-D5615052E0DC}.Release|Any CPU.ActiveCfg = Release|iPhone
		{CAD1ED6B-5597-4C93-AA89-D5615052E0DC}.Release|Any CPU.Build.0 = Release|iPhone
		{CAD1ED6B-5597-4C93-AA89-D5615052E0DC}.Debug|iPhoneSimulator.ActiveCfg = Debug|iPhoneSimulator
		{CAD1ED6B-5597-4C93-AA89-D5615052E0DC}.Debug|iPhoneSimulator.Build.0 = Debug|iPhoneSimulator
		{CAD1ED6B-5597-4C93-AA89-D5615052E0DC}.Release|iPhone.ActiveCfg = Release|iPhone
		{CAD1ED6B-5597-4C93-AA89-D5615052E0DC}.Release|iPhone.Build.0 = Release|iPhone
		{CAD1ED6B-5597-4C93-AA89-D5615052E0DC}.Release|iPhoneSimulator.ActiveCfg = Release|iPhoneSimulator
		{CAD1ED6B-5597-4C93-AA89-D5615052E0DC}.Release|iPhoneSimulator.Build.0 = Release|iPhoneSimulator
		{CAD1ED6B-5597-4C93-AA89-D5615052E0DC}.Debug|iPhone.ActiveCfg = Debug|iPhone
		{CAD1ED6B-5597-4C93-AA89-D5615052E0DC}.Debug|iPhone.Build.0 = Debug|iPhone
		{A4CD6B48-C85C-4617-A1A6-D3C65402DCF6}.Debug|Any CPU.ActiveCfg = Debug|Any CPU
		{A4CD6B48-C85C-4617-A1A6-D3C65402DCF6}.Debug|Any CPU.Build.0 = Debug|Any CPU
		{A4CD6B48-C85C-4617-A1A6-D3C65402DCF6}.Release|Any CPU.ActiveCfg = Release|Any CPU
		{A4CD6B48-C85C-4617-A1A6-D3C65402DCF6}.Release|Any CPU.Build.0 = Release|Any CPU
		{A4CD6B48-C85C-4617-A1A6-D3C65402DCF6}.Debug|iPhoneSimulator.ActiveCfg = Debug|Any CPU
		{A4CD6B48-C85C-4617-A1A6-D3C65402DCF6}.Debug|iPhoneSimulator.Build.0 = Debug|Any CPU
		{A4CD6B48-C85C-4617-A1A6-D3C65402DCF6}.Release|iPhone.ActiveCfg = Release|Any CPU
		{A4CD6B48-C85C-4617-A1A6-D3C65402DCF6}.Release|iPhone.Build.0 = Release|Any CPU
		{A4CD6B48-C85C-4617-A1A6-D3C65402DCF6}.Release|iPhoneSimulator.ActiveCfg = Release|Any CPU
		{A4CD6B48-C85C-4617-A1A6-D3C65402DCF6}.Release|iPhoneSimulator.Build.0 = Release|Any CPU
		{A4CD6B48-C85C-4617-A1A6-D3C65402DCF6}.Debug|iPhone.ActiveCfg = Debug|Any CPU
		{A4CD6B48-C85C-4617-A1A6-D3C65402DCF6}.Debug|iPhone.Build.0 = Debug|Any CPU
		{353DCCC9-4169-4504-B0B3-AE92D3C681F5}.Debug|Any CPU.ActiveCfg = Debug|Any CPU
		{353DCCC9-4169-4504-B0B3-AE92D3C681F5}.Debug|Any CPU.Build.0 = Debug|Any CPU
		{353DCCC9-4169-4504-B0B3-AE92D3C681F5}.Release|Any CPU.ActiveCfg = Release|Any CPU
		{353DCCC9-4169-4504-B0B3-AE92D3C681F5}.Release|Any CPU.Build.0 = Release|Any CPU
		{353DCCC9-4169-4504-B0B3-AE92D3C681F5}.Debug|iPhoneSimulator.ActiveCfg = Debug|Any CPU
		{353DCCC9-4169-4504-B0B3-AE92D3C681F5}.Debug|iPhoneSimulator.Build.0 = Debug|Any CPU
		{353DCCC9-4169-4504-B0B3-AE92D3C681F5}.Release|iPhone.ActiveCfg = Release|Any CPU
		{353DCCC9-4169-4504-B0B3-AE92D3C681F5}.Release|iPhone.Build.0 = Release|Any CPU
		{353DCCC9-4169-4504-B0B3-AE92D3C681F5}.Release|iPhoneSimulator.ActiveCfg = Release|Any CPU
		{353DCCC9-4169-4504-B0B3-AE92D3C681F5}.Release|iPhoneSimulator.Build.0 = Release|Any CPU
		{353DCCC9-4169-4504-B0B3-AE92D3C681F5}.Debug|iPhone.ActiveCfg = Debug|Any CPU
		{353DCCC9-4169-4504-B0B3-AE92D3C681F5}.Debug|iPhone.Build.0 = Debug|Any CPU
	EndGlobalSection
EndGlobal
